
Microsoft Visual Studio Solution File, Format Version 12.00
# Visual Studio Version 17
VisualStudioVersion = 17.11.35327.3
MinimumVisualStudioVersion = 10.0.40219.1
Project("{9A19103F-16F7-4668-BE54-9A1E7A4F7556}") = "pct.ecole-front", "pct.ecole-front.csproj", "{09B2DD02-0818-48D8-BB92-D9DEF40387F5}"
EndProject
Global
	GlobalSection(SolutionConfigurationPlatforms) = preSolution
		Debug|Any CPU = Debug|Any CPU
		Release|Any CPU = Release|Any CPU
	EndGlobalSection
	GlobalSection(ProjectConfigurationPlatforms) = postSolution
		{09B2DD02-0818-48D8-BB92-D9DEF40387F5}.Debug|Any CPU.ActiveCfg = Debug|Any CPU
		{09B2DD02-0818-48D8-BB92-D9DEF40387F5}.Debug|Any CPU.Build.0 = Debug|Any CPU
		{09B2DD02-0818-48D8-BB92-D9DEF40387F5}.Release|Any CPU.ActiveCfg = Release|Any CPU
		{09B2DD02-0818-48D8-BB92-D9DEF40387F5}.Release|Any CPU.Build.0 = Release|Any CPU
	EndGlobalSection
	GlobalSection(SolutionProperties) = preSolution
		HideSolutionNode = FALSE
	EndGlobalSection
	GlobalSection(ExtensibilityGlobals) = postSolution
		SolutionGuid = {E01BD5D5-8D8A-469C-A02E-5F0D13343F5A}
	EndGlobalSection
EndGlobal
